// !$*UTF8*$!
{
	archiveVersion = 1;
	classes = {
	};
	objectVersion = 52;
	objects = {

/* Begin PBXBuildFile section */
		A523022525A0B13800B0AF97 /* CardsTests.swift in Sources */ = {isa = PBXBuildFile; fileRef = A523022425A0B13800B0AF97 /* CardsTests.swift */; };
		A523022F25A0E47400B0AF97 /* Hands.swift in Sources */ = {isa = PBXBuildFile; fileRef = A523022E25A0E47400B0AF97 /* Hands.swift */; };
		A532A371259DBF0100EAF4A5 /* AppDelegate.swift in Sources */ = {isa = PBXBuildFile; fileRef = A532A370259DBF0100EAF4A5 /* AppDelegate.swift */; };
		A532A373259DBF0100EAF4A5 /* SceneDelegate.swift in Sources */ = {isa = PBXBuildFile; fileRef = A532A372259DBF0100EAF4A5 /* SceneDelegate.swift */; };
		A532A375259DBF0100EAF4A5 /* ViewController.swift in Sources */ = {isa = PBXBuildFile; fileRef = A532A374259DBF0100EAF4A5 /* ViewController.swift */; };
		A532A378259DBF0100EAF4A5 /* Main.storyboard in Resources */ = {isa = PBXBuildFile; fileRef = A532A376259DBF0100EAF4A5 /* Main.storyboard */; };
		A532A37A259DBF0300EAF4A5 /* Assets.xcassets in Resources */ = {isa = PBXBuildFile; fileRef = A532A379259DBF0300EAF4A5 /* Assets.xcassets */; };
		A532A37D259DBF0300EAF4A5 /* LaunchScreen.storyboard in Resources */ = {isa = PBXBuildFile; fileRef = A532A37B259DBF0300EAF4A5 /* LaunchScreen.storyboard */; };
		A532A38C259DC29500EAF4A5 /* CardMetaDataTests.swift in Sources */ = {isa = PBXBuildFile; fileRef = A532A38B259DC29500EAF4A5 /* CardMetaDataTests.swift */; };
		A532A397259DC2C700EAF4A5 /* CardMetaData.swift in Sources */ = {isa = PBXBuildFile; fileRef = A532A396259DC2C700EAF4A5 /* CardMetaData.swift */; };
		A532A3A6259DDEFF00EAF4A5 /* Card.swift in Sources */ = {isa = PBXBuildFile; fileRef = A532A3A5259DDEFF00EAF4A5 /* Card.swift */; };
		A532A3AB259DE0D300EAF4A5 /* CardDeck.swift in Sources */ = {isa = PBXBuildFile; fileRef = A532A3AA259DE0D300EAF4A5 /* CardDeck.swift */; };
		A532A3B7259DE20300EAF4A5 /* CardDeckTests.swift in Sources */ = {isa = PBXBuildFile; fileRef = A532A3B6259DE20300EAF4A5 /* CardDeckTests.swift */; };
		A532A3BB259EF7A200EAF4A5 /* Player.swift in Sources */ = {isa = PBXBuildFile; fileRef = A532A3BA259EF7A200EAF4A5 /* Player.swift */; };
		A532A3BF259EF7B700EAF4A5 /* PlayerTests.swift in Sources */ = {isa = PBXBuildFile; fileRef = A532A3BE259EF7B700EAF4A5 /* PlayerTests.swift */; };
		A532A3C3259EFA0D00EAF4A5 /* DealerTests.swift in Sources */ = {isa = PBXBuildFile; fileRef = A532A3C2259EFA0D00EAF4A5 /* DealerTests.swift */; };
		A532A3C7259EFBE900EAF4A5 /* Dealer.swift in Sources */ = {isa = PBXBuildFile; fileRef = A532A3C6259EFBE900EAF4A5 /* Dealer.swift */; };
		A532A3D4259F02C400EAF4A5 /* Game.swift in Sources */ = {isa = PBXBuildFile; fileRef = A532A3D3259F02C400EAF4A5 /* Game.swift */; };
		A532A3D8259F02D500EAF4A5 /* GameTests.swift in Sources */ = {isa = PBXBuildFile; fileRef = A532A3D7259F02D500EAF4A5 /* GameTests.swift */; };
		A532A3DD259F994D00EAF4A5 /* SnapKit in Frameworks */ = {isa = PBXBuildFile; productRef = A532A3DC259F994D00EAF4A5 /* SnapKit */; };
		A532A3E2259FA28E00EAF4A5 /* View+convenienceInit.swift in Sources */ = {isa = PBXBuildFile; fileRef = A532A3E1259FA28E00EAF4A5 /* View+convenienceInit.swift */; };
/* End PBXBuildFile section */

/* Begin PBXContainerItemProxy section */
		A532A38E259DC29500EAF4A5 /* PBXContainerItemProxy */ = {
			isa = PBXContainerItemProxy;
			containerPortal = A532A365259DBF0100EAF4A5 /* Project object */;
			proxyType = 1;
			remoteGlobalIDString = A532A36C259DBF0100EAF4A5;
			remoteInfo = PokerGame;
		};
/* End PBXContainerItemProxy section */

/* Begin PBXFileReference section */
		A523022425A0B13800B0AF97 /* CardsTests.swift */ = {isa = PBXFileReference; lastKnownFileType = sourcecode.swift; path = CardsTests.swift; sourceTree = "<group>"; };
		A523022E25A0E47400B0AF97 /* Hands.swift */ = {isa = PBXFileReference; lastKnownFileType = sourcecode.swift; path = Hands.swift; sourceTree = "<group>"; };
		A532A36D259DBF0100EAF4A5 /* PokerGame.app */ = {isa = PBXFileReference; explicitFileType = wrapper.application; includeInIndex = 0; path = PokerGame.app; sourceTree = BUILT_PRODUCTS_DIR; };
		A532A370259DBF0100EAF4A5 /* AppDelegate.swift */ = {isa = PBXFileReference; lastKnownFileType = sourcecode.swift; path = AppDelegate.swift; sourceTree = "<group>"; };
		A532A372259DBF0100EAF4A5 /* SceneDelegate.swift */ = {isa = PBXFileReference; lastKnownFileType = sourcecode.swift; path = SceneDelegate.swift; sourceTree = "<group>"; };
		A532A374259DBF0100EAF4A5 /* ViewController.swift */ = {isa = PBXFileReference; lastKnownFileType = sourcecode.swift; path = ViewController.swift; sourceTree = "<group>"; };
		A532A377259DBF0100EAF4A5 /* Base */ = {isa = PBXFileReference; lastKnownFileType = file.storyboard; name = Base; path = Base.lproj/Main.storyboard; sourceTree = "<group>"; };
		A532A379259DBF0300EAF4A5 /* Assets.xcassets */ = {isa = PBXFileReference; lastKnownFileType = folder.assetcatalog; path = Assets.xcassets; sourceTree = "<group>"; };
		A532A37C259DBF0300EAF4A5 /* Base */ = {isa = PBXFileReference; lastKnownFileType = file.storyboard; name = Base; path = Base.lproj/LaunchScreen.storyboard; sourceTree = "<group>"; };
		A532A37E259DBF0300EAF4A5 /* Info.plist */ = {isa = PBXFileReference; lastKnownFileType = text.plist.xml; path = Info.plist; sourceTree = "<group>"; };
		A532A389259DC29500EAF4A5 /* PokerGameTests.xctest */ = {isa = PBXFileReference; explicitFileType = wrapper.cfbundle; includeInIndex = 0; path = PokerGameTests.xctest; sourceTree = BUILT_PRODUCTS_DIR; };
		A532A38B259DC29500EAF4A5 /* CardMetaDataTests.swift */ = {isa = PBXFileReference; lastKnownFileType = sourcecode.swift; path = CardMetaDataTests.swift; sourceTree = "<group>"; };
		A532A38D259DC29500EAF4A5 /* Info.plist */ = {isa = PBXFileReference; lastKnownFileType = text.plist.xml; path = Info.plist; sourceTree = "<group>"; };
		A532A396259DC2C700EAF4A5 /* CardMetaData.swift */ = {isa = PBXFileReference; lastKnownFileType = sourcecode.swift; path = CardMetaData.swift; sourceTree = "<group>"; };
		A532A3A5259DDEFF00EAF4A5 /* Card.swift */ = {isa = PBXFileReference; lastKnownFileType = sourcecode.swift; path = Card.swift; sourceTree = "<group>"; };
		A532A3AA259DE0D300EAF4A5 /* CardDeck.swift */ = {isa = PBXFileReference; lastKnownFileType = sourcecode.swift; path = CardDeck.swift; sourceTree = "<group>"; };
		A532A3B6259DE20300EAF4A5 /* CardDeckTests.swift */ = {isa = PBXFileReference; lastKnownFileType = sourcecode.swift; path = CardDeckTests.swift; sourceTree = "<group>"; };
		A532A3BA259EF7A200EAF4A5 /* Player.swift */ = {isa = PBXFileReference; lastKnownFileType = sourcecode.swift; path = Player.swift; sourceTree = "<group>"; };
		A532A3BE259EF7B700EAF4A5 /* PlayerTests.swift */ = {isa = PBXFileReference; lastKnownFileType = sourcecode.swift; path = PlayerTests.swift; sourceTree = "<group>"; };
		A532A3C2259EFA0D00EAF4A5 /* DealerTests.swift */ = {isa = PBXFileReference; lastKnownFileType = sourcecode.swift; path = DealerTests.swift; sourceTree = "<group>"; };
		A532A3C6259EFBE900EAF4A5 /* Dealer.swift */ = {isa = PBXFileReference; lastKnownFileType = sourcecode.swift; path = Dealer.swift; sourceTree = "<group>"; };
		A532A3D3259F02C400EAF4A5 /* Game.swift */ = {isa = PBXFileReference; lastKnownFileType = sourcecode.swift; path = Game.swift; sourceTree = "<group>"; };
		A532A3D7259F02D500EAF4A5 /* GameTests.swift */ = {isa = PBXFileReference; lastKnownFileType = sourcecode.swift; path = GameTests.swift; sourceTree = "<group>"; };
		A532A3E1259FA28E00EAF4A5 /* View+convenienceInit.swift */ = {isa = PBXFileReference; lastKnownFileType = sourcecode.swift; path = "View+convenienceInit.swift"; sourceTree = "<group>"; };
/* End PBXFileReference section */

/* Begin PBXFrameworksBuildPhase section */
		A532A36A259DBF0100EAF4A5 /* Frameworks */ = {
			isa = PBXFrameworksBuildPhase;
			buildActionMask = 2147483647;
			files = (
				A532A3DD259F994D00EAF4A5 /* SnapKit in Frameworks */,
			);
			runOnlyForDeploymentPostprocessing = 0;
		};
		A532A386259DC29500EAF4A5 /* Frameworks */ = {
			isa = PBXFrameworksBuildPhase;
			buildActionMask = 2147483647;
			files = (
			);
			runOnlyForDeploymentPostprocessing = 0;
		};
/* End PBXFrameworksBuildPhase section */

/* Begin PBXGroup section */
		A532A364259DBF0100EAF4A5 = {
			isa = PBXGroup;
			children = (
				A532A36F259DBF0100EAF4A5 /* PokerGame */,
				A532A38A259DC29500EAF4A5 /* PokerGameTests */,
				A532A36E259DBF0100EAF4A5 /* Products */,
			);
			sourceTree = "<group>";
		};
		A532A36E259DBF0100EAF4A5 /* Products */ = {
			isa = PBXGroup;
			children = (
				A532A36D259DBF0100EAF4A5 /* PokerGame.app */,
				A532A389259DC29500EAF4A5 /* PokerGameTests.xctest */,
			);
			name = Products;
			sourceTree = "<group>";
		};
		A532A36F259DBF0100EAF4A5 /* PokerGame */ = {
			isa = PBXGroup;
			children = (
				A532A3E0259FA28500EAF4A5 /* Extension */,
				A532A395259DC2C100EAF4A5 /* Model */,
				A532A370259DBF0100EAF4A5 /* AppDelegate.swift */,
				A532A372259DBF0100EAF4A5 /* SceneDelegate.swift */,
				A532A374259DBF0100EAF4A5 /* ViewController.swift */,
				A532A376259DBF0100EAF4A5 /* Main.storyboard */,
				A532A379259DBF0300EAF4A5 /* Assets.xcassets */,
				A532A37B259DBF0300EAF4A5 /* LaunchScreen.storyboard */,
				A532A37E259DBF0300EAF4A5 /* Info.plist */,
			);
			path = PokerGame;
			sourceTree = "<group>";
		};
		A532A38A259DC29500EAF4A5 /* PokerGameTests */ = {
			isa = PBXGroup;
			children = (
				A532A38B259DC29500EAF4A5 /* CardMetaDataTests.swift */,
				A532A3B6259DE20300EAF4A5 /* CardDeckTests.swift */,
				A532A38D259DC29500EAF4A5 /* Info.plist */,
				A532A3BE259EF7B700EAF4A5 /* PlayerTests.swift */,
				A532A3C2259EFA0D00EAF4A5 /* DealerTests.swift */,
				A532A3D7259F02D500EAF4A5 /* GameTests.swift */,
				A523022425A0B13800B0AF97 /* CardsTests.swift */,
			);
			path = PokerGameTests;
			sourceTree = "<group>";
		};
		A532A395259DC2C100EAF4A5 /* Model */ = {
			isa = PBXGroup;
			children = (
				A532A396259DC2C700EAF4A5 /* CardMetaData.swift */,
				A532A3A5259DDEFF00EAF4A5 /* Card.swift */,
				A532A3AA259DE0D300EAF4A5 /* CardDeck.swift */,
				A532A3BA259EF7A200EAF4A5 /* Player.swift */,
				A532A3C6259EFBE900EAF4A5 /* Dealer.swift */,
				A532A3D3259F02C400EAF4A5 /* Game.swift */,
				A523022E25A0E47400B0AF97 /* Hands.swift */,
			);
			path = Model;
			sourceTree = "<group>";
		};
		A532A3E0259FA28500EAF4A5 /* Extension */ = {
			isa = PBXGroup;
			children = (
				A532A3E1259FA28E00EAF4A5 /* View+convenienceInit.swift */,
			);
			path = Extension;
			sourceTree = "<group>";
		};
/* End PBXGroup section */

/* Begin PBXNativeTarget section */
		A532A36C259DBF0100EAF4A5 /* PokerGame */ = {
			isa = PBXNativeTarget;
			buildConfigurationList = A532A381259DBF0300EAF4A5 /* Build configuration list for PBXNativeTarget "PokerGame" */;
			buildPhases = (
				A532A369259DBF0100EAF4A5 /* Sources */,
				A532A36A259DBF0100EAF4A5 /* Frameworks */,
				A532A36B259DBF0100EAF4A5 /* Resources */,
			);
			buildRules = (
			);
			dependencies = (
			);
			name = PokerGame;
			packageProductDependencies = (
				A532A3DC259F994D00EAF4A5 /* SnapKit */,
			);
			productName = PokerGame;
			productReference = A532A36D259DBF0100EAF4A5 /* PokerGame.app */;
			productType = "com.apple.product-type.application";
		};
		A532A388259DC29500EAF4A5 /* PokerGameTests */ = {
			isa = PBXNativeTarget;
			buildConfigurationList = A532A390259DC29500EAF4A5 /* Build configuration list for PBXNativeTarget "PokerGameTests" */;
			buildPhases = (
				A532A385259DC29500EAF4A5 /* Sources */,
				A532A386259DC29500EAF4A5 /* Frameworks */,
				A532A387259DC29500EAF4A5 /* Resources */,
			);
			buildRules = (
			);
			dependencies = (
				A532A38F259DC29500EAF4A5 /* PBXTargetDependency */,
			);
			name = PokerGameTests;
			productName = PokerGameTests;
			productReference = A532A389259DC29500EAF4A5 /* PokerGameTests.xctest */;
			productType = "com.apple.product-type.bundle.unit-test";
		};
/* End PBXNativeTarget section */

/* Begin PBXProject section */
		A532A365259DBF0100EAF4A5 /* Project object */ = {
			isa = PBXProject;
			attributes = {
				LastSwiftUpdateCheck = 1230;
				LastUpgradeCheck = 1230;
				TargetAttributes = {
					A532A36C259DBF0100EAF4A5 = {
						CreatedOnToolsVersion = 12.3;
					};
					A532A388259DC29500EAF4A5 = {
						CreatedOnToolsVersion = 12.3;
						TestTargetID = A532A36C259DBF0100EAF4A5;
					};
				};
			};
			buildConfigurationList = A532A368259DBF0100EAF4A5 /* Build configuration list for PBXProject "PokerGame" */;
			compatibilityVersion = "Xcode 9.3";
			developmentRegion = en;
			hasScannedForEncodings = 0;
			knownRegions = (
				en,
				Base,
			);
			mainGroup = A532A364259DBF0100EAF4A5;
			packageReferences = (
				A532A3DB259F994D00EAF4A5 /* XCRemoteSwiftPackageReference "SnapKit" */,
			);
			productRefGroup = A532A36E259DBF0100EAF4A5 /* Products */;
			projectDirPath = "";
			projectRoot = "";
			targets = (
				A532A36C259DBF0100EAF4A5 /* PokerGame */,
				A532A388259DC29500EAF4A5 /* PokerGameTests */,
			);
		};
/* End PBXProject section */

/* Begin PBXResourcesBuildPhase section */
		A532A36B259DBF0100EAF4A5 /* Resources */ = {
			isa = PBXResourcesBuildPhase;
			buildActionMask = 2147483647;
			files = (
				A532A37D259DBF0300EAF4A5 /* LaunchScreen.storyboard in Resources */,
				A532A37A259DBF0300EAF4A5 /* Assets.xcassets in Resources */,
				A532A378259DBF0100EAF4A5 /* Main.storyboard in Resources */,
			);
			runOnlyForDeploymentPostprocessing = 0;
		};
		A532A387259DC29500EAF4A5 /* Resources */ = {
			isa = PBXResourcesBuildPhase;
			buildActionMask = 2147483647;
			files = (
			);
			runOnlyForDeploymentPostprocessing = 0;
		};
/* End PBXResourcesBuildPhase section */

/* Begin PBXSourcesBuildPhase section */
		A532A369259DBF0100EAF4A5 /* Sources */ = {
			isa = PBXSourcesBuildPhase;
			buildActionMask = 2147483647;
			files = (
				A532A3AB259DE0D300EAF4A5 /* CardDeck.swift in Sources */,
				A532A3D4259F02C400EAF4A5 /* Game.swift in Sources */,
				A532A375259DBF0100EAF4A5 /* ViewController.swift in Sources */,
				A523022F25A0E47400B0AF97 /* Hands.swift in Sources */,
				A532A371259DBF0100EAF4A5 /* AppDelegate.swift in Sources */,
				A532A3A6259DDEFF00EAF4A5 /* Card.swift in Sources */,
				A532A3C7259EFBE900EAF4A5 /* Dealer.swift in Sources */,
				A532A3BB259EF7A200EAF4A5 /* Player.swift in Sources */,
				A532A3E2259FA28E00EAF4A5 /* View+convenienceInit.swift in Sources */,
				A532A373259DBF0100EAF4A5 /* SceneDelegate.swift in Sources */,
				A532A397259DC2C700EAF4A5 /* CardMetaData.swift in Sources */,
			);
			runOnlyForDeploymentPostprocessing = 0;
		};
		A532A385259DC29500EAF4A5 /* Sources */ = {
			isa = PBXSourcesBuildPhase;
			buildActionMask = 2147483647;
			files = (
				A532A3C3259EFA0D00EAF4A5 /* DealerTests.swift in Sources */,
				A532A3B7259DE20300EAF4A5 /* CardDeckTests.swift in Sources */,
				A532A3BF259EF7B700EAF4A5 /* PlayerTests.swift in Sources */,
				A532A38C259DC29500EAF4A5 /* CardMetaDataTests.swift in Sources */,
				A532A3D8259F02D500EAF4A5 /* GameTests.swift in Sources */,
				A523022525A0B13800B0AF97 /* CardsTests.swift in Sources */,
			);
			runOnlyForDeploymentPostprocessing = 0;
		};
/* End PBXSourcesBuildPhase section */

/* Begin PBXTargetDependency section */
		A532A38F259DC29500EAF4A5 /* PBXTargetDependency */ = {
			isa = PBXTargetDependency;
			target = A532A36C259DBF0100EAF4A5 /* PokerGame */;
			targetProxy = A532A38E259DC29500EAF4A5 /* PBXContainerItemProxy */;
		};
/* End PBXTargetDependency section */

/* Begin PBXVariantGroup section */
		A532A376259DBF0100EAF4A5 /* Main.storyboard */ = {
			isa = PBXVariantGroup;
			children = (
				A532A377259DBF0100EAF4A5 /* Base */,
			);
			name = Main.storyboard;
			sourceTree = "<group>";
		};
		A532A37B259DBF0300EAF4A5 /* LaunchScreen.storyboard */ = {
			isa = PBXVariantGroup;
			children = (
				A532A37C259DBF0300EAF4A5 /* Base */,
			);
			name = LaunchScreen.storyboard;
			sourceTree = "<group>";
		};
/* End PBXVariantGroup section */

/* Begin XCBuildConfiguration section */
		A532A37F259DBF0300EAF4A5 /* Debug */ = {
			isa = XCBuildConfiguration;
			buildSettings = {
				ALWAYS_SEARCH_USER_PATHS = NO;
				CLANG_ANALYZER_NONNULL = YES;
				CLANG_ANALYZER_NUMBER_OBJECT_CONVERSION = YES_AGGRESSIVE;
				CLANG_CXX_LANGUAGE_STANDARD = "gnu++14";
				CLANG_CXX_LIBRARY = "libc++";
				CLANG_ENABLE_MODULES = YES;
				CLANG_ENABLE_OBJC_ARC = YES;
				CLANG_ENABLE_OBJC_WEAK = YES;
				CLANG_WARN_BLOCK_CAPTURE_AUTORELEASING = YES;
				CLANG_WARN_BOOL_CONVERSION = YES;
				CLANG_WARN_COMMA = YES;
				CLANG_WARN_CONSTANT_CONVERSION = YES;
				CLANG_WARN_DEPRECATED_OBJC_IMPLEMENTATIONS = YES;
				CLANG_WARN_DIRECT_OBJC_ISA_USAGE = YES_ERROR;
				CLANG_WARN_DOCUMENTATION_COMMENTS = YES;
				CLANG_WARN_EMPTY_BODY = YES;
				CLANG_WARN_ENUM_CONVERSION = YES;
				CLANG_WARN_INFINITE_RECURSION = YES;
				CLANG_WARN_INT_CONVERSION = YES;
				CLANG_WARN_NON_LITERAL_NULL_CONVERSION = YES;
				CLANG_WARN_OBJC_IMPLICIT_RETAIN_SELF = YES;
				CLANG_WARN_OBJC_LITERAL_CONVERSION = YES;
				CLANG_WARN_OBJC_ROOT_CLASS = YES_ERROR;
				CLANG_WARN_QUOTED_INCLUDE_IN_FRAMEWORK_HEADER = YES;
				CLANG_WARN_RANGE_LOOP_ANALYSIS = YES;
				CLANG_WARN_STRICT_PROTOTYPES = YES;
				CLANG_WARN_SUSPICIOUS_MOVE = YES;
				CLANG_WARN_UNGUARDED_AVAILABILITY = YES_AGGRESSIVE;
				CLANG_WARN_UNREACHABLE_CODE = YES;
				CLANG_WARN__DUPLICATE_METHOD_MATCH = YES;
				COPY_PHASE_STRIP = NO;
				DEBUG_INFORMATION_FORMAT = dwarf;
				ENABLE_STRICT_OBJC_MSGSEND = YES;
				ENABLE_TESTABILITY = YES;
				GCC_C_LANGUAGE_STANDARD = gnu11;
				GCC_DYNAMIC_NO_PIC = NO;
				GCC_NO_COMMON_BLOCKS = YES;
				GCC_OPTIMIZATION_LEVEL = 0;
				GCC_PREPROCESSOR_DEFINITIONS = (
					"DEBUG=1",
					"$(inherited)",
				);
				GCC_WARN_64_TO_32_BIT_CONVERSION = YES;
				GCC_WARN_ABOUT_RETURN_TYPE = YES_ERROR;
				GCC_WARN_UNDECLARED_SELECTOR = YES;
				GCC_WARN_UNINITIALIZED_AUTOS = YES_AGGRESSIVE;
				GCC_WARN_UNUSED_FUNCTION = YES;
				GCC_WARN_UNUSED_VARIABLE = YES;
				IPHONEOS_DEPLOYMENT_TARGET = 14.3;
				MTL_ENABLE_DEBUG_INFO = INCLUDE_SOURCE;
				MTL_FAST_MATH = YES;
				ONLY_ACTIVE_ARCH = YES;
				SDKROOT = iphoneos;
				SWIFT_ACTIVE_COMPILATION_CONDITIONS = DEBUG;
				SWIFT_OPTIMIZATION_LEVEL = "-Onone";
			};
			name = Debug;
		};
		A532A380259DBF0300EAF4A5 /* Release */ = {
			isa = XCBuildConfiguration;
			buildSettings = {
				ALWAYS_SEARCH_USER_PATHS = NO;
				CLANG_ANALYZER_NONNULL = YES;
				CLANG_ANALYZER_NUMBER_OBJECT_CONVERSION = YES_AGGRESSIVE;
				CLANG_CXX_LANGUAGE_STANDARD = "gnu++14";
				CLANG_CXX_LIBRARY = "libc++";
				CLANG_ENABLE_MODULES = YES;
				CLANG_ENABLE_OBJC_ARC = YES;
				CLANG_ENABLE_OBJC_WEAK = YES;
				CLANG_WARN_BLOCK_CAPTURE_AUTORELEASING = YES;
				CLANG_WARN_BOOL_CONVERSION = YES;
				CLANG_WARN_COMMA = YES;
				CLANG_WARN_CONSTANT_CONVERSION = YES;
				CLANG_WARN_DEPRECATED_OBJC_IMPLEMENTATIONS = YES;
				CLANG_WARN_DIRECT_OBJC_ISA_USAGE = YES_ERROR;
				CLANG_WARN_DOCUMENTATION_COMMENTS = YES;
				CLANG_WARN_EMPTY_BODY = YES;
				CLANG_WARN_ENUM_CONVERSION = YES;
				CLANG_WARN_INFINITE_RECURSION = YES;
				CLANG_WARN_INT_CONVERSION = YES;
				CLANG_WARN_NON_LITERAL_NULL_CONVERSION = YES;
				CLANG_WARN_OBJC_IMPLICIT_RETAIN_SELF = YES;
				CLANG_WARN_OBJC_LITERAL_CONVERSION = YES;
				CLANG_WARN_OBJC_ROOT_CLASS = YES_ERROR;
				CLANG_WARN_QUOTED_INCLUDE_IN_FRAMEWORK_HEADER = YES;
				CLANG_WARN_RANGE_LOOP_ANALYSIS = YES;
				CLANG_WARN_STRICT_PROTOTYPES = YES;
				CLANG_WARN_SUSPICIOUS_MOVE = YES;
				CLANG_WARN_UNGUARDED_AVAILABILITY = YES_AGGRESSIVE;
				CLANG_WARN_UNREACHABLE_CODE = YES;
				CLANG_WARN__DUPLICATE_METHOD_MATCH = YES;
				COPY_PHASE_STRIP = NO;
				DEBUG_INFORMATION_FORMAT = "dwarf-with-dsym";
				ENABLE_NS_ASSERTIONS = NO;
				ENABLE_STRICT_OBJC_MSGSEND = YES;
				GCC_C_LANGUAGE_STANDARD = gnu11;
				GCC_NO_COMMON_BLOCKS = YES;
				GCC_WARN_64_TO_32_BIT_CONVERSION = YES;
				GCC_WARN_ABOUT_RETURN_TYPE = YES_ERROR;
				GCC_WARN_UNDECLARED_SELECTOR = YES;
				GCC_WARN_UNINITIALIZED_AUTOS = YES_AGGRESSIVE;
				GCC_WARN_UNUSED_FUNCTION = YES;
				GCC_WARN_UNUSED_VARIABLE = YES;
				IPHONEOS_DEPLOYMENT_TARGET = 14.3;
				MTL_ENABLE_DEBUG_INFO = NO;
				MTL_FAST_MATH = YES;
				SDKROOT = iphoneos;
				SWIFT_COMPILATION_MODE = wholemodule;
				SWIFT_OPTIMIZATION_LEVEL = "-O";
				VALIDATE_PRODUCT = YES;
			};
			name = Release;
		};
		A532A382259DBF0300EAF4A5 /* Debug */ = {
			isa = XCBuildConfiguration;
			buildSettings = {
				ASSETCATALOG_COMPILER_APPICON_NAME = AppIcon;
				ASSETCATALOG_COMPILER_GLOBAL_ACCENT_COLOR_NAME = AccentColor;
				CODE_SIGN_STYLE = Automatic;
				DEVELOPMENT_TEAM = 735P3R8MUU;
				INFOPLIST_FILE = PokerGame/Info.plist;
				LD_RUNPATH_SEARCH_PATHS = (
					"$(inherited)",
					"@executable_path/Frameworks",
				);
				PRODUCT_BUNDLE_IDENTIFIER = com.hanseop.PokerGame;
				PRODUCT_NAME = "$(TARGET_NAME)";
				SWIFT_VERSION = 5.0;
				TARGETED_DEVICE_FAMILY = "1,2";
			};
			name = Debug;
		};
		A532A383259DBF0300EAF4A5 /* Release */ = {
			isa = XCBuildConfiguration;
			buildSettings = {
				ASSETCATALOG_COMPILER_APPICON_NAME = AppIcon;
				ASSETCATALOG_COMPILER_GLOBAL_ACCENT_COLOR_NAME = AccentColor;
				CODE_SIGN_STYLE = Automatic;
				DEVELOPMENT_TEAM = 735P3R8MUU;
				INFOPLIST_FILE = PokerGame/Info.plist;
				LD_RUNPATH_SEARCH_PATHS = (
					"$(inherited)",
					"@executable_path/Frameworks",
				);
				PRODUCT_BUNDLE_IDENTIFIER = com.hanseop.PokerGame;
				PRODUCT_NAME = "$(TARGET_NAME)";
				SWIFT_VERSION = 5.0;
				TARGETED_DEVICE_FAMILY = "1,2";
			};
			name = Release;
		};
		A532A391259DC29500EAF4A5 /* Debug */ = {
			isa = XCBuildConfiguration;
			buildSettings = {
				BUNDLE_LOADER = "$(TEST_HOST)";
				CODE_SIGN_STYLE = Automatic;
				DEVELOPMENT_TEAM = 735P3R8MUU;
				INFOPLIST_FILE = PokerGameTests/Info.plist;
				LD_RUNPATH_SEARCH_PATHS = (
					"$(inherited)",
					"@executable_path/Frameworks",
					"@loader_path/Frameworks",
				);
				PRODUCT_BUNDLE_IDENTIFIER = com.hanseop.PokerGameTests;
				PRODUCT_NAME = "$(TARGET_NAME)";
				SWIFT_VERSION = 5.0;
				TARGETED_DEVICE_FAMILY = "1,2";
				TEST_HOST = "$(BUILT_PRODUCTS_DIR)/PokerGame.app/PokerGame";
			};
			name = Debug;
		};
		A532A392259DC29500EAF4A5 /* Release */ = {
			isa = XCBuildConfiguration;
			buildSettings = {
				BUNDLE_LOADER = "$(TEST_HOST)";
				CODE_SIGN_STYLE = Automatic;
				DEVELOPMENT_TEAM = 735P3R8MUU;
				INFOPLIST_FILE = PokerGameTests/Info.plist;
				LD_RUNPATH_SEARCH_PATHS = (
					"$(inherited)",
					"@executable_path/Frameworks",
					"@loader_path/Frameworks",
				);
				PRODUCT_BUNDLE_IDENTIFIER = com.hanseop.PokerGameTests;
				PRODUCT_NAME = "$(TARGET_NAME)";
				SWIFT_VERSION = 5.0;
				TARGETED_DEVICE_FAMILY = "1,2";
				TEST_HOST = "$(BUILT_PRODUCTS_DIR)/PokerGame.app/PokerGame";
			};
			name = Release;
		};
/* End XCBuildConfiguration section */

/* Begin XCConfigurationList section */
		A532A368259DBF0100EAF4A5 /* Build configuration list for PBXProject "PokerGame" */ = {
			isa = XCConfigurationList;
			buildConfigurations = (
				A532A37F259DBF0300EAF4A5 /* Debug */,
				A532A380259DBF0300EAF4A5 /* Release */,
			);
			defaultConfigurationIsVisible = 0;
			defaultConfigurationName = Release;
		};
		A532A381259DBF0300EAF4A5 /* Build configuration list for PBXNativeTarget "PokerGame" */ = {
			isa = XCConfigurationList;
			buildConfigurations = (
				A532A382259DBF0300EAF4A5 /* Debug */,
				A532A383259DBF0300EAF4A5 /* Release */,
			);
			defaultConfigurationIsVisible = 0;
			defaultConfigurationName = Release;
		};
		A532A390259DC29500EAF4A5 /* Build configuration list for PBXNativeTarget "PokerGameTests" */ = {
			isa = XCConfigurationList;
			buildConfigurations = (
				A532A391259DC29500EAF4A5 /* Debug */,
				A532A392259DC29500EAF4A5 /* Release */,
			);
			defaultConfigurationIsVisible = 0;
			defaultConfigurationName = Release;
		};
/* End XCConfigurationList section */

/* Begin XCRemoteSwiftPackageReference section */
		A532A3DB259F994D00EAF4A5 /* XCRemoteSwiftPackageReference "SnapKit" */ = {
			isa = XCRemoteSwiftPackageReference;
			repositoryURL = "https://github.com/SnapKit/SnapKit.git";
			requirement = {
				kind = upToNextMajorVersion;
				minimumVersion = 5.0.1;
			};
		};
/* End XCRemoteSwiftPackageReference section */

/* Begin XCSwiftPackageProductDependency section */
		A532A3DC259F994D00EAF4A5 /* SnapKit */ = {
			isa = XCSwiftPackageProductDependency;
			package = A532A3DB259F994D00EAF4A5 /* XCRemoteSwiftPackageReference "SnapKit" */;
			productName = SnapKit;
		};
/* End XCSwiftPackageProductDependency section */
	};
	rootObject = A532A365259DBF0100EAF4A5 /* Project object */;
}
